
Microsoft Visual Studio Solution File, Format Version 12.00
# Visual Studio Version 16
VisualStudioVersion = 16.0.30114.105
MinimumVisualStudioVersion = 10.0.40219.1
Project("{FAE04EC0-301F-11D3-BF4B-00C04F79EFBC}") = "WebApplication4", "WebApplication4\WebApplication4.csproj", "{7B5BAB7C-C8D8-4722-8012-7B94AB973086}"
EndProject
Global
	GlobalSection(SolutionConfigurationPlatforms) = preSolution
		Debug|Any CPU = Debug|Any CPU
		Release|Any CPU = Release|Any CPU
	EndGlobalSection
	GlobalSection(ProjectConfigurationPlatforms) = postSolution
		{7B5BAB7C-C8D8-4722-8012-7B94AB973086}.Debug|Any CPU.ActiveCfg = Debug|Any CPU
		{7B5BAB7C-C8D8-4722-8012-7B94AB973086}.Debug|Any CPU.Build.0 = Debug|Any CPU
		{7B5BAB7C-C8D8-4722-8012-7B94AB973086}.Release|Any CPU.ActiveCfg = Release|Any CPU
		{7B5BAB7C-C8D8-4722-8012-7B94AB973086}.Release|Any CPU.Build.0 = Release|Any CPU
	EndGlobalSection
	GlobalSection(SolutionProperties) = preSolution
		HideSolutionNode = FALSE
	EndGlobalSection
	GlobalSection(ExtensibilityGlobals) = postSolution
		SolutionGuid = {DD69B9DD-C8A4-4ACF-9CE8-C974ED607DA1}
	EndGlobalSection
EndGlobal
